
Microsoft Visual Studio Solution File, Format Version 12.00
# Visual Studio Version 17
VisualStudioVersion = 17.11.35222.181
MinimumVisualStudioVersion = 10.0.40219.1
Project("{FAE04EC0-301F-11D3-BF4B-00C04F79EFBC}") = "IFSPStore.Domain", "IFSPStore.Domain\IFSPStore.Domain.csproj", "{37316CD3-E942-4606-A324-3AE87F4C34BF}"
EndProject
Project("{FAE04EC0-301F-11D3-BF4B-00C04F79EFBC}") = "IFSPStore.Test", "IFSPStore.Test\IFSPStore.Test.csproj", "{A006C73F-5D0A-42C8-BE2D-58041926C825}"
	ProjectSection(ProjectDependencies) = postProject
		{37316CD3-E942-4606-A324-3AE87F4C34BF} = {37316CD3-E942-4606-A324-3AE87F4C34BF}
	EndProjectSection
EndProject
Global
	GlobalSection(SolutionConfigurationPlatforms) = preSolution
		Debug|Any CPU = Debug|Any CPU
		Release|Any CPU = Release|Any CPU
	EndGlobalSection
	GlobalSection(ProjectConfigurationPlatforms) = postSolution
		{37316CD3-E942-4606-A324-3AE87F4C34BF}.Debug|Any CPU.ActiveCfg = Debug|Any CPU
		{37316CD3-E942-4606-A324-3AE87F4C34BF}.Debug|Any CPU.Build.0 = Debug|Any CPU
		{37316CD3-E942-4606-A324-3AE87F4C34BF}.Release|Any CPU.ActiveCfg = Release|Any CPU
		{37316CD3-E942-4606-A324-3AE87F4C34BF}.Release|Any CPU.Build.0 = Release|Any CPU
		{A006C73F-5D0A-42C8-BE2D-58041926C825}.Debug|Any CPU.ActiveCfg = Debug|Any CPU
		{A006C73F-5D0A-42C8-BE2D-58041926C825}.Debug|Any CPU.Build.0 = Debug|Any CPU
		{A006C73F-5D0A-42C8-BE2D-58041926C825}.Release|Any CPU.ActiveCfg = Release|Any CPU
		{A006C73F-5D0A-42C8-BE2D-58041926C825}.Release|Any CPU.Build.0 = Release|Any CPU
	EndGlobalSection
	GlobalSection(SolutionProperties) = preSolution
		HideSolutionNode = FALSE
	EndGlobalSection
	GlobalSection(ExtensibilityGlobals) = postSolution
		SolutionGuid = {6AB14554-5287-4F2E-9882-7F05F417C83F}
	EndGlobalSection
EndGlobal
